// !$*UTF8*$!
{
	archiveVersion = 1;
	classes = {
	};
	objectVersion = 48;
	objects = {

/* Begin PBXBuildFile section */
		2B3467EDDCABDAEB0510FE27 /* Pods_DistilleryTestAppUITests.framework in Frameworks */ = {isa = PBXBuildFile; fileRef = 7DE3DB99C93EA8B3A9FEC592 /* Pods_DistilleryTestAppUITests.framework */; };
		58926C728614A1E8A0A03107 /* Pods_DistilleryTestAppTests.framework in Frameworks */ = {isa = PBXBuildFile; fileRef = F4267F9240B1D739C3EAFA3F /* Pods_DistilleryTestAppTests.framework */; };
		58C2D795E8AC59EE63DF4DAA /* Pods_DistilleryTestApp.framework in Frameworks */ = {isa = PBXBuildFile; fileRef = 23E331B8E3F576CB287505C9 /* Pods_DistilleryTestApp.framework */; };
		6E46E91A201375970011DD51 /* ApplicationConfigurator.swift in Sources */ = {isa = PBXBuildFile; fileRef = 6E46E919201375970011DD51 /* ApplicationConfigurator.swift */; };
		6E588DBB20138A6D006F27E2 /* SearchVenueResponce.swift in Sources */ = {isa = PBXBuildFile; fileRef = 6E588DBA20138A6D006F27E2 /* SearchVenueResponce.swift */; };
		6E588DBD201392F0006F27E2 /* VenueLocation.swift in Sources */ = {isa = PBXBuildFile; fileRef = 6E588DBC201392F0006F27E2 /* VenueLocation.swift */; };
		6E588DBF201395B3006F27E2 /* VenueCategory.swift in Sources */ = {isa = PBXBuildFile; fileRef = 6E588DBE201395B3006F27E2 /* VenueCategory.swift */; };
		6E588DC120139B7D006F27E2 /* FoursquareIcon.swift in Sources */ = {isa = PBXBuildFile; fileRef = 6E588DC020139B7D006F27E2 /* FoursquareIcon.swift */; };
		6E7237A92014866300068497 /* Venues.storyboard in Resources */ = {isa = PBXBuildFile; fileRef = 6E7237A82014866300068497 /* Venues.storyboard */; };
		6E7237B02014877A00068497 /* SearchVenuesInteractor.swift in Sources */ = {isa = PBXBuildFile; fileRef = 6E7237AF2014877A00068497 /* SearchVenuesInteractor.swift */; };
		6E7237B220148D2200068497 /* SearchVenuesInteractorInput.swift in Sources */ = {isa = PBXBuildFile; fileRef = 6E7237B120148D2200068497 /* SearchVenuesInteractorInput.swift */; };
		6E7237B420148DAE00068497 /* SearchVenuesInteractorOutput.swift in Sources */ = {isa = PBXBuildFile; fileRef = 6E7237B320148DAE00068497 /* SearchVenuesInteractorOutput.swift */; };
		6E7237B62014907600068497 /* SearchVenuesPresenter.swift in Sources */ = {isa = PBXBuildFile; fileRef = 6E7237B52014907600068497 /* SearchVenuesPresenter.swift */; };
		6E7237B8201490BD00068497 /* SearchVenuesViewController.swift in Sources */ = {isa = PBXBuildFile; fileRef = 6E7237B7201490BD00068497 /* SearchVenuesViewController.swift */; };
		6E7237BB201491A500068497 /* SearchVenuesViewOutput.swift in Sources */ = {isa = PBXBuildFile; fileRef = 6E7237BA201491A500068497 /* SearchVenuesViewOutput.swift */; };
		6E7237C22014976900068497 /* SearchVenuesViewInput.swift in Sources */ = {isa = PBXBuildFile; fileRef = 6E7237C12014976900068497 /* SearchVenuesViewInput.swift */; };
		6E7237C42014987E00068497 /* SearchVenuesPresenterOutput.swift in Sources */ = {isa = PBXBuildFile; fileRef = 6E7237C32014987E00068497 /* SearchVenuesPresenterOutput.swift */; };
		6E7237C92014997300068497 /* VenuesLaunchRouter.swift in Sources */ = {isa = PBXBuildFile; fileRef = 6E7237C82014997300068497 /* VenuesLaunchRouter.swift */; };
		6E7237CC20149A4500068497 /* ModuleConfigurator.swift in Sources */ = {isa = PBXBuildFile; fileRef = 6E7237CB20149A4500068497 /* ModuleConfigurator.swift */; };
		6E7237D120149FA100068497 /* StoryboardNames.swift in Sources */ = {isa = PBXBuildFile; fileRef = 6E7237D020149FA100068497 /* StoryboardNames.swift */; };
		6E7237D32014A25A00068497 /* VenuesLaunchRouterInput.swift in Sources */ = {isa = PBXBuildFile; fileRef = 6E7237D22014A25A00068497 /* VenuesLaunchRouterInput.swift */; };
		6E7237D82014A7E100068497 /* SearchVenueTableViewCell.swift in Sources */ = {isa = PBXBuildFile; fileRef = 6E7237D72014A7E100068497 /* SearchVenueTableViewCell.swift */; };
		6E7237DB2014B00C00068497 /* SearchVenueCellBuilder.swift in Sources */ = {isa = PBXBuildFile; fileRef = 6E7237DA2014B00C00068497 /* SearchVenueCellBuilder.swift */; };
		6E7237DF2014B54800068497 /* Main.storyboard in Resources */ = {isa = PBXBuildFile; fileRef = 6E7237DE2014B54800068497 /* Main.storyboard */; };
		6E7540542013398E00F81751 /* NetworkClient.swift in Sources */ = {isa = PBXBuildFile; fileRef = 6E7540532013398E00F81751 /* NetworkClient.swift */; };
		6E75405620133F0100F81751 /* NetworkClientInput.swift in Sources */ = {isa = PBXBuildFile; fileRef = 6E75405520133F0100F81751 /* NetworkClientInput.swift */; };
		6E75405C201346FB00F81751 /* VenueServiceUrlConstants.swift in Sources */ = {isa = PBXBuildFile; fileRef = 6E75405B201346FB00F81751 /* VenueServiceUrlConstants.swift */; };
		6E75405F201347CF00F81751 /* VenueService.swift in Sources */ = {isa = PBXBuildFile; fileRef = 6E75405E201347CF00F81751 /* VenueService.swift */; };
		6E7540622013485600F81751 /* VenueServiceInput.swift in Sources */ = {isa = PBXBuildFile; fileRef = 6E7540612013485600F81751 /* VenueServiceInput.swift */; };
		6E75406720134D8000F81751 /* Venue.swift in Sources */ = {isa = PBXBuildFile; fileRef = 6E75406620134D8000F81751 /* Venue.swift */; };
		6E75406A20134EC700F81751 /* NetworkClientConstants.swift in Sources */ = {isa = PBXBuildFile; fileRef = 6E75406920134EC700F81751 /* NetworkClientConstants.swift */; };
		6E75406E20135A0200F81751 /* VenueServiceApiKeys.swift in Sources */ = {isa = PBXBuildFile; fileRef = 6E75406D20135A0200F81751 /* VenueServiceApiKeys.swift */; };
		6E7540712013657C00F81751 /* LocationService.swift in Sources */ = {isa = PBXBuildFile; fileRef = 6E7540702013657C00F81751 /* LocationService.swift */; };
		6E75407320136B0600F81751 /* LocationServiceInput.swift in Sources */ = {isa = PBXBuildFile; fileRef = 6E75407220136B0600F81751 /* LocationServiceInput.swift */; };
		6E75407520136D1500F81751 /* LocationServiceOutput.swift in Sources */ = {isa = PBXBuildFile; fileRef = 6E75407420136D1500F81751 /* LocationServiceOutput.swift */; };
		6E7540782013714900F81751 /* LocationCoordinate.swift in Sources */ = {isa = PBXBuildFile; fileRef = 6E7540772013714900F81751 /* LocationCoordinate.swift */; };
		6ED242DB20132B7A0028F982 /* AppDelegate.swift in Sources */ = {isa = PBXBuildFile; fileRef = 6ED242DA20132B7A0028F982 /* AppDelegate.swift */; };
		6ED242E220132B7A0028F982 /* Assets.xcassets in Resources */ = {isa = PBXBuildFile; fileRef = 6ED242E120132B7A0028F982 /* Assets.xcassets */; };
		6ED242E520132B7A0028F982 /* LaunchScreen.storyboard in Resources */ = {isa = PBXBuildFile; fileRef = 6ED242E320132B7A0028F982 /* LaunchScreen.storyboard */; };
		6ED242F020132B7A0028F982 /* DistilleryTestAppTests.swift in Sources */ = {isa = PBXBuildFile; fileRef = 6ED242EF20132B7A0028F982 /* DistilleryTestAppTests.swift */; };
		6ED242FB20132B7A0028F982 /* DistilleryTestAppUITests.swift in Sources */ = {isa = PBXBuildFile; fileRef = 6ED242FA20132B7A0028F982 /* DistilleryTestAppUITests.swift */; };
		6EF9C3702015C47D003C1A9E /* AlertBuilder.swift in Sources */ = {isa = PBXBuildFile; fileRef = 6EF9C36F2015C47D003C1A9E /* AlertBuilder.swift */; };
		6EF9C3722015DDD1003C1A9E /* UIViewControllerExtensions.swift in Sources */ = {isa = PBXBuildFile; fileRef = 6EF9C3712015DDD1003C1A9E /* UIViewControllerExtensions.swift */; };
		6EF9C3772015E0F6003C1A9E /* BaseViewController.swift in Sources */ = {isa = PBXBuildFile; fileRef = 6EF9C3762015E0F6003C1A9E /* BaseViewController.swift */; };
/* End PBXBuildFile section */

/* Begin PBXContainerItemProxy section */
		6ED242EC20132B7A0028F982 /* PBXContainerItemProxy */ = {
			isa = PBXContainerItemProxy;
			containerPortal = 6ED242CF20132B7A0028F982 /* Project object */;
			proxyType = 1;
			remoteGlobalIDString = 6ED242D620132B7A0028F982;
			remoteInfo = DistilleryTestApp;
		};
		6ED242F720132B7A0028F982 /* PBXContainerItemProxy */ = {
			isa = PBXContainerItemProxy;
			containerPortal = 6ED242CF20132B7A0028F982 /* Project object */;
			proxyType = 1;
			remoteGlobalIDString = 6ED242D620132B7A0028F982;
			remoteInfo = DistilleryTestApp;
		};
/* End PBXContainerItemProxy section */

/* Begin PBXFileReference section */
		23E331B8E3F576CB287505C9 /* Pods_DistilleryTestApp.framework */ = {isa = PBXFileReference; explicitFileType = wrapper.framework; includeInIndex = 0; path = Pods_DistilleryTestApp.framework; sourceTree = BUILT_PRODUCTS_DIR; };
		62A0E39BFC80D1B7F10FAAE0 /* Pods-DistilleryTestAppTests.debug.xcconfig */ = {isa = PBXFileReference; includeInIndex = 1; lastKnownFileType = text.xcconfig; name = "Pods-DistilleryTestAppTests.debug.xcconfig"; path = "Pods/Target Support Files/Pods-DistilleryTestAppTests/Pods-DistilleryTestAppTests.debug.xcconfig"; sourceTree = "<group>"; };
		6E46E919201375970011DD51 /* ApplicationConfigurator.swift */ = {isa = PBXFileReference; lastKnownFileType = sourcecode.swift; path = ApplicationConfigurator.swift; sourceTree = "<group>"; };
		6E588DBA20138A6D006F27E2 /* SearchVenueResponce.swift */ = {isa = PBXFileReference; lastKnownFileType = sourcecode.swift; path = SearchVenueResponce.swift; sourceTree = "<group>"; };
		6E588DBC201392F0006F27E2 /* VenueLocation.swift */ = {isa = PBXFileReference; lastKnownFileType = sourcecode.swift; path = VenueLocation.swift; sourceTree = "<group>"; };
		6E588DBE201395B3006F27E2 /* VenueCategory.swift */ = {isa = PBXFileReference; lastKnownFileType = sourcecode.swift; path = VenueCategory.swift; sourceTree = "<group>"; };
		6E588DC020139B7D006F27E2 /* FoursquareIcon.swift */ = {isa = PBXFileReference; lastKnownFileType = sourcecode.swift; path = FoursquareIcon.swift; sourceTree = "<group>"; };
		6E7237A82014866300068497 /* Venues.storyboard */ = {isa = PBXFileReference; lastKnownFileType = file.storyboard; path = Venues.storyboard; sourceTree = "<group>"; };
		6E7237AF2014877A00068497 /* SearchVenuesInteractor.swift */ = {isa = PBXFileReference; lastKnownFileType = sourcecode.swift; path = SearchVenuesInteractor.swift; sourceTree = "<group>"; };
		6E7237B120148D2200068497 /* SearchVenuesInteractorInput.swift */ = {isa = PBXFileReference; lastKnownFileType = sourcecode.swift; path = SearchVenuesInteractorInput.swift; sourceTree = "<group>"; };
		6E7237B320148DAE00068497 /* SearchVenuesInteractorOutput.swift */ = {isa = PBXFileReference; lastKnownFileType = sourcecode.swift; path = SearchVenuesInteractorOutput.swift; sourceTree = "<group>"; };
		6E7237B52014907600068497 /* SearchVenuesPresenter.swift */ = {isa = PBXFileReference; lastKnownFileType = sourcecode.swift; path = SearchVenuesPresenter.swift; sourceTree = "<group>"; };
		6E7237B7201490BD00068497 /* SearchVenuesViewController.swift */ = {isa = PBXFileReference; lastKnownFileType = sourcecode.swift; path = SearchVenuesViewController.swift; sourceTree = "<group>"; };
		6E7237BA201491A500068497 /* SearchVenuesViewOutput.swift */ = {isa = PBXFileReference; lastKnownFileType = sourcecode.swift; path = SearchVenuesViewOutput.swift; sourceTree = "<group>"; };
		6E7237C12014976900068497 /* SearchVenuesViewInput.swift */ = {isa = PBXFileReference; lastKnownFileType = sourcecode.swift; path = SearchVenuesViewInput.swift; sourceTree = "<group>"; };
		6E7237C32014987E00068497 /* SearchVenuesPresenterOutput.swift */ = {isa = PBXFileReference; lastKnownFileType = sourcecode.swift; path = SearchVenuesPresenterOutput.swift; sourceTree = "<group>"; };
		6E7237C82014997300068497 /* VenuesLaunchRouter.swift */ = {isa = PBXFileReference; lastKnownFileType = sourcecode.swift; path = VenuesLaunchRouter.swift; sourceTree = "<group>"; };
		6E7237CB20149A4500068497 /* ModuleConfigurator.swift */ = {isa = PBXFileReference; lastKnownFileType = sourcecode.swift; path = ModuleConfigurator.swift; sourceTree = "<group>"; };
		6E7237D020149FA100068497 /* StoryboardNames.swift */ = {isa = PBXFileReference; lastKnownFileType = sourcecode.swift; path = StoryboardNames.swift; sourceTree = "<group>"; };
		6E7237D22014A25A00068497 /* VenuesLaunchRouterInput.swift */ = {isa = PBXFileReference; lastKnownFileType = sourcecode.swift; path = VenuesLaunchRouterInput.swift; sourceTree = "<group>"; };
		6E7237D72014A7E100068497 /* SearchVenueTableViewCell.swift */ = {isa = PBXFileReference; lastKnownFileType = sourcecode.swift; path = SearchVenueTableViewCell.swift; sourceTree = "<group>"; };
		6E7237DA2014B00C00068497 /* SearchVenueCellBuilder.swift */ = {isa = PBXFileReference; lastKnownFileType = sourcecode.swift; path = SearchVenueCellBuilder.swift; sourceTree = "<group>"; };
		6E7237DE2014B54800068497 /* Main.storyboard */ = {isa = PBXFileReference; lastKnownFileType = file.storyboard; path = Main.storyboard; sourceTree = "<group>"; };
		6E7540532013398E00F81751 /* NetworkClient.swift */ = {isa = PBXFileReference; lastKnownFileType = sourcecode.swift; path = NetworkClient.swift; sourceTree = "<group>"; };
		6E75405520133F0100F81751 /* NetworkClientInput.swift */ = {isa = PBXFileReference; lastKnownFileType = sourcecode.swift; path = NetworkClientInput.swift; sourceTree = "<group>"; };
		6E75405B201346FB00F81751 /* VenueServiceUrlConstants.swift */ = {isa = PBXFileReference; lastKnownFileType = sourcecode.swift; path = VenueServiceUrlConstants.swift; sourceTree = "<group>"; };
		6E75405E201347CF00F81751 /* VenueService.swift */ = {isa = PBXFileReference; lastKnownFileType = sourcecode.swift; path = VenueService.swift; sourceTree = "<group>"; };
		6E7540612013485600F81751 /* VenueServiceInput.swift */ = {isa = PBXFileReference; lastKnownFileType = sourcecode.swift; path = VenueServiceInput.swift; sourceTree = "<group>"; };
		6E75406620134D8000F81751 /* Venue.swift */ = {isa = PBXFileReference; lastKnownFileType = sourcecode.swift; path = Venue.swift; sourceTree = "<group>"; };
		6E75406920134EC700F81751 /* NetworkClientConstants.swift */ = {isa = PBXFileReference; lastKnownFileType = sourcecode.swift; path = NetworkClientConstants.swift; sourceTree = "<group>"; };
		6E75406D20135A0200F81751 /* VenueServiceApiKeys.swift */ = {isa = PBXFileReference; lastKnownFileType = sourcecode.swift; path = VenueServiceApiKeys.swift; sourceTree = "<group>"; };
		6E7540702013657C00F81751 /* LocationService.swift */ = {isa = PBXFileReference; lastKnownFileType = sourcecode.swift; path = LocationService.swift; sourceTree = "<group>"; };
		6E75407220136B0600F81751 /* LocationServiceInput.swift */ = {isa = PBXFileReference; lastKnownFileType = sourcecode.swift; path = LocationServiceInput.swift; sourceTree = "<group>"; };
		6E75407420136D1500F81751 /* LocationServiceOutput.swift */ = {isa = PBXFileReference; lastKnownFileType = sourcecode.swift; path = LocationServiceOutput.swift; sourceTree = "<group>"; };
		6E7540772013714900F81751 /* LocationCoordinate.swift */ = {isa = PBXFileReference; lastKnownFileType = sourcecode.swift; path = LocationCoordinate.swift; sourceTree = "<group>"; };
		6ED242D720132B7A0028F982 /* DistilleryTestApp.app */ = {isa = PBXFileReference; explicitFileType = wrapper.application; includeInIndex = 0; path = DistilleryTestApp.app; sourceTree = BUILT_PRODUCTS_DIR; };
		6ED242DA20132B7A0028F982 /* AppDelegate.swift */ = {isa = PBXFileReference; lastKnownFileType = sourcecode.swift; path = AppDelegate.swift; sourceTree = "<group>"; };
		6ED242E120132B7A0028F982 /* Assets.xcassets */ = {isa = PBXFileReference; lastKnownFileType = folder.assetcatalog; path = Assets.xcassets; sourceTree = "<group>"; };
		6ED242E420132B7A0028F982 /* Base */ = {isa = PBXFileReference; lastKnownFileType = file.storyboard; name = Base; path = Base.lproj/LaunchScreen.storyboard; sourceTree = "<group>"; };
		6ED242E620132B7A0028F982 /* Info.plist */ = {isa = PBXFileReference; lastKnownFileType = text.plist.xml; path = Info.plist; sourceTree = "<group>"; };
		6ED242EB20132B7A0028F982 /* DistilleryTestAppTests.xctest */ = {isa = PBXFileReference; explicitFileType = wrapper.cfbundle; includeInIndex = 0; path = DistilleryTestAppTests.xctest; sourceTree = BUILT_PRODUCTS_DIR; };
		6ED242EF20132B7A0028F982 /* DistilleryTestAppTests.swift */ = {isa = PBXFileReference; lastKnownFileType = sourcecode.swift; path = DistilleryTestAppTests.swift; sourceTree = "<group>"; };
		6ED242F120132B7A0028F982 /* Info.plist */ = {isa = PBXFileReference; lastKnownFileType = text.plist.xml; path = Info.plist; sourceTree = "<group>"; };
		6ED242F620132B7A0028F982 /* DistilleryTestAppUITests.xctest */ = {isa = PBXFileReference; explicitFileType = wrapper.cfbundle; includeInIndex = 0; path = DistilleryTestAppUITests.xctest; sourceTree = BUILT_PRODUCTS_DIR; };
		6ED242FA20132B7A0028F982 /* DistilleryTestAppUITests.swift */ = {isa = PBXFileReference; lastKnownFileType = sourcecode.swift; path = DistilleryTestAppUITests.swift; sourceTree = "<group>"; };
		6ED242FC20132B7A0028F982 /* Info.plist */ = {isa = PBXFileReference; lastKnownFileType = text.plist.xml; path = Info.plist; sourceTree = "<group>"; };
		6EF9C36F2015C47D003C1A9E /* AlertBuilder.swift */ = {isa = PBXFileReference; lastKnownFileType = sourcecode.swift; path = AlertBuilder.swift; sourceTree = "<group>"; };
		6EF9C3712015DDD1003C1A9E /* UIViewControllerExtensions.swift */ = {isa = PBXFileReference; lastKnownFileType = sourcecode.swift; path = UIViewControllerExtensions.swift; sourceTree = "<group>"; };
		6EF9C3762015E0F6003C1A9E /* BaseViewController.swift */ = {isa = PBXFileReference; lastKnownFileType = sourcecode.swift; path = BaseViewController.swift; sourceTree = "<group>"; };
		7DE3DB99C93EA8B3A9FEC592 /* Pods_DistilleryTestAppUITests.framework */ = {isa = PBXFileReference; explicitFileType = wrapper.framework; includeInIndex = 0; path = Pods_DistilleryTestAppUITests.framework; sourceTree = BUILT_PRODUCTS_DIR; };
		97C9DC7B6FA2F0261B48F31F /* Pods-DistilleryTestAppUITests.release.xcconfig */ = {isa = PBXFileReference; includeInIndex = 1; lastKnownFileType = text.xcconfig; name = "Pods-DistilleryTestAppUITests.release.xcconfig"; path = "Pods/Target Support Files/Pods-DistilleryTestAppUITests/Pods-DistilleryTestAppUITests.release.xcconfig"; sourceTree = "<group>"; };
		AB9E69FFED1EFDF5DA655E8E /* Pods-DistilleryTestAppTests.release.xcconfig */ = {isa = PBXFileReference; includeInIndex = 1; lastKnownFileType = text.xcconfig; name = "Pods-DistilleryTestAppTests.release.xcconfig"; path = "Pods/Target Support Files/Pods-DistilleryTestAppTests/Pods-DistilleryTestAppTests.release.xcconfig"; sourceTree = "<group>"; };
		E631D89230030737F9C613AE /* Pods-DistilleryTestApp.debug.xcconfig */ = {isa = PBXFileReference; includeInIndex = 1; lastKnownFileType = text.xcconfig; name = "Pods-DistilleryTestApp.debug.xcconfig"; path = "Pods/Target Support Files/Pods-DistilleryTestApp/Pods-DistilleryTestApp.debug.xcconfig"; sourceTree = "<group>"; };
		EA6CFAEA42A174466CF2D043 /* Pods-DistilleryTestAppUITests.debug.xcconfig */ = {isa = PBXFileReference; includeInIndex = 1; lastKnownFileType = text.xcconfig; name = "Pods-DistilleryTestAppUITests.debug.xcconfig"; path = "Pods/Target Support Files/Pods-DistilleryTestAppUITests/Pods-DistilleryTestAppUITests.debug.xcconfig"; sourceTree = "<group>"; };
		F4267F9240B1D739C3EAFA3F /* Pods_DistilleryTestAppTests.framework */ = {isa = PBXFileReference; explicitFileType = wrapper.framework; includeInIndex = 0; path = Pods_DistilleryTestAppTests.framework; sourceTree = BUILT_PRODUCTS_DIR; };
		FFCF98B52553E000D4FF5DDA /* Pods-DistilleryTestApp.release.xcconfig */ = {isa = PBXFileReference; includeInIndex = 1; lastKnownFileType = text.xcconfig; name = "Pods-DistilleryTestApp.release.xcconfig"; path = "Pods/Target Support Files/Pods-DistilleryTestApp/Pods-DistilleryTestApp.release.xcconfig"; sourceTree = "<group>"; };
/* End PBXFileReference section */

/* Begin PBXFrameworksBuildPhase section */
		6ED242D420132B7A0028F982 /* Frameworks */ = {
			isa = PBXFrameworksBuildPhase;
			buildActionMask = 2147483647;
			files = (
				58C2D795E8AC59EE63DF4DAA /* Pods_DistilleryTestApp.framework in Frameworks */,
			);
			runOnlyForDeploymentPostprocessing = 0;
		};
		6ED242E820132B7A0028F982 /* Frameworks */ = {
			isa = PBXFrameworksBuildPhase;
			buildActionMask = 2147483647;
			files = (
				58926C728614A1E8A0A03107 /* Pods_DistilleryTestAppTests.framework in Frameworks */,
			);
			runOnlyForDeploymentPostprocessing = 0;
		};
		6ED242F320132B7A0028F982 /* Frameworks */ = {
			isa = PBXFrameworksBuildPhase;
			buildActionMask = 2147483647;
			files = (
				2B3467EDDCABDAEB0510FE27 /* Pods_DistilleryTestAppUITests.framework in Frameworks */,
			);
			runOnlyForDeploymentPostprocessing = 0;
		};
/* End PBXFrameworksBuildPhase section */

/* Begin PBXGroup section */
		4010FCFCD83AA46023491D54 /* Pods */ = {
			isa = PBXGroup;
			children = (
				E631D89230030737F9C613AE /* Pods-DistilleryTestApp.debug.xcconfig */,
				FFCF98B52553E000D4FF5DDA /* Pods-DistilleryTestApp.release.xcconfig */,
				62A0E39BFC80D1B7F10FAAE0 /* Pods-DistilleryTestAppTests.debug.xcconfig */,
				AB9E69FFED1EFDF5DA655E8E /* Pods-DistilleryTestAppTests.release.xcconfig */,
				EA6CFAEA42A174466CF2D043 /* Pods-DistilleryTestAppUITests.debug.xcconfig */,
				97C9DC7B6FA2F0261B48F31F /* Pods-DistilleryTestAppUITests.release.xcconfig */,
			);
			name = Pods;
			sourceTree = "<group>";
		};
		6E588DC22013A01E006F27E2 /* Network */ = {
			isa = PBXGroup;
			children = (
				6E588DBA20138A6D006F27E2 /* SearchVenueResponce.swift */,
			);
			path = Network;
			sourceTree = "<group>";
		};
		6E7237A32014856C00068497 /* UserStories */ = {
			isa = PBXGroup;
			children = (
				6E7237A4201485B500068497 /* VenuesUserStory */,
			);
			path = UserStories;
			sourceTree = "<group>";
		};
		6E7237A4201485B500068497 /* VenuesUserStory */ = {
			isa = PBXGroup;
			children = (
				6E7237A62014863000068497 /* Modules */,
				6E7237A72014863600068497 /* Storyboard */,
			);
			path = VenuesUserStory;
			sourceTree = "<group>";
		};
		6E7237A62014863000068497 /* Modules */ = {
			isa = PBXGroup;
			children = (
				6E7237AA201486C100068497 /* SearchVenuesModule */,
			);
			path = Modules;
			sourceTree = "<group>";
		};
		6E7237A72014863600068497 /* Storyboard */ = {
			isa = PBXGroup;
			children = (
				6E7237A82014866300068497 /* Venues.storyboard */,
			);
			path = Storyboard;
			sourceTree = "<group>";
		};
		6E7237AA201486C100068497 /* SearchVenuesModule */ = {
			isa = PBXGroup;
			children = (
				6E7237AE2014871100068497 /* Interactor */,
				6E7237AD2014870800068497 /* Presenter */,
				6E7237AC2014870200068497 /* Router */,
				6E7237AB201486FA00068497 /* View */,
			);
			path = SearchVenuesModule;
			sourceTree = "<group>";
		};
		6E7237AB201486FA00068497 /* View */ = {
			isa = PBXGroup;
			children = (
				6E7237D92014AFBF00068497 /* CellBuilder */,
				6E7237D62014A7C000068497 /* Cell */,
				6E7237B7201490BD00068497 /* SearchVenuesViewController.swift */,
				6E7237C12014976900068497 /* SearchVenuesViewInput.swift */,
				6E7237BA201491A500068497 /* SearchVenuesViewOutput.swift */,
			);
			path = View;
			sourceTree = "<group>";
		};
		6E7237AC2014870200068497 /* Router */ = {
			isa = PBXGroup;
			children = (
			);
			path = Router;
			sourceTree = "<group>";
		};
		6E7237AD2014870800068497 /* Presenter */ = {
			isa = PBXGroup;
			children = (
				6E7237B52014907600068497 /* SearchVenuesPresenter.swift */,
				6E7237C32014987E00068497 /* SearchVenuesPresenterOutput.swift */,
			);
			path = Presenter;
			sourceTree = "<group>";
		};
		6E7237AE2014871100068497 /* Interactor */ = {
			isa = PBXGroup;
			children = (
				6E7237AF2014877A00068497 /* SearchVenuesInteractor.swift */,
				6E7237B120148D2200068497 /* SearchVenuesInteractorInput.swift */,
				6E7237B320148DAE00068497 /* SearchVenuesInteractorOutput.swift */,
			);
			path = Interactor;
			sourceTree = "<group>";
		};
		6E7237C52014992600068497 /* LaunchSystem */ = {
			isa = PBXGroup;
			children = (
				6E7237C62014992F00068497 /* Routers */,
			);
			path = LaunchSystem;
			sourceTree = "<group>";
		};
		6E7237C62014992F00068497 /* Routers */ = {
			isa = PBXGroup;
			children = (
				6E7237C72014995500068497 /* VenuesLaunchRouter */,
			);
			path = Routers;
			sourceTree = "<group>";
		};
		6E7237C72014995500068497 /* VenuesLaunchRouter */ = {
			isa = PBXGroup;
			children = (
				6E7237C82014997300068497 /* VenuesLaunchRouter.swift */,
				6E7237D22014A25A00068497 /* VenuesLaunchRouterInput.swift */,
			);
			path = VenuesLaunchRouter;
			sourceTree = "<group>";
		};
		6E7237CA20149A2D00068497 /* ModuleConfiguration */ = {
			isa = PBXGroup;
			children = (
				6E7237CB20149A4500068497 /* ModuleConfigurator.swift */,
			);
			path = ModuleConfiguration;
			sourceTree = "<group>";
		};
		6E7237CF20149F7F00068497 /* PresentationsLayer */ = {
			isa = PBXGroup;
			children = (
				6E7237D020149FA100068497 /* StoryboardNames.swift */,
			);
			path = PresentationsLayer;
			sourceTree = "<group>";
		};
		6E7237D62014A7C000068497 /* Cell */ = {
			isa = PBXGroup;
			children = (
				6E7237D72014A7E100068497 /* SearchVenueTableViewCell.swift */,
			);
			path = Cell;
			sourceTree = "<group>";
		};
		6E7237D92014AFBF00068497 /* CellBuilder */ = {
			isa = PBXGroup;
			children = (
				6E7237DA2014B00C00068497 /* SearchVenueCellBuilder.swift */,
			);
			path = CellBuilder;
			sourceTree = "<group>";
		};
		6E7540522013368900F81751 /* NetworkCore */ = {
			isa = PBXGroup;
			children = (
				6E7540532013398E00F81751 /* NetworkClient.swift */,
				6E75405520133F0100F81751 /* NetworkClientInput.swift */,
			);
			path = NetworkCore;
			sourceTree = "<group>";
		};
		6E754059201346D700F81751 /* BusinessLogicLayer */ = {
			isa = PBXGroup;
			children = (
				6E75405B201346FB00F81751 /* VenueServiceUrlConstants.swift */,
				6E75406D20135A0200F81751 /* VenueServiceApiKeys.swift */,
			);
			path = BusinessLogicLayer;
			sourceTree = "<group>";
		};
		6E75405D2013475600F81751 /* Services */ = {
			isa = PBXGroup;
			children = (
				6E75406F2013656500F81751 /* LocationService */,
				6E7540602013483B00F81751 /* VenueService */,
			);
			path = Services;
			sourceTree = "<group>";
		};
		6E7540602013483B00F81751 /* VenueService */ = {
			isa = PBXGroup;
			children = (
				6E75405E201347CF00F81751 /* VenueService.swift */,
				6E7540612013485600F81751 /* VenueServiceInput.swift */,
			);
			path = VenueService;
			sourceTree = "<group>";
		};
		6E75406520134D7200F81751 /* Venue */ = {
			isa = PBXGroup;
			children = (
				6E75406620134D8000F81751 /* Venue.swift */,
				6E588DBC201392F0006F27E2 /* VenueLocation.swift */,
				6E588DBE201395B3006F27E2 /* VenueCategory.swift */,
			);
			path = Venue;
			sourceTree = "<group>";
		};
		6E75406820134E8500F81751 /* CoreLayer */ = {
			isa = PBXGroup;
			children = (
				6E75406920134EC700F81751 /* NetworkClientConstants.swift */,
			);
			path = CoreLayer;
			sourceTree = "<group>";
		};
		6E75406F2013656500F81751 /* LocationService */ = {
			isa = PBXGroup;
			children = (
				6E7540702013657C00F81751 /* LocationService.swift */,
				6E75407220136B0600F81751 /* LocationServiceInput.swift */,
				6E75407420136D1500F81751 /* LocationServiceOutput.swift */,
			);
			path = LocationService;
			sourceTree = "<group>";
		};
		6E7540762013712F00F81751 /* LocationService */ = {
			isa = PBXGroup;
			children = (
				6E7540772013714900F81751 /* LocationCoordinate.swift */,
			);
			path = LocationService;
			sourceTree = "<group>";
		};
		6ED242CE20132B7A0028F982 = {
			isa = PBXGroup;
			children = (
				6ED242D920132B7A0028F982 /* DistilleryTestApp */,
				6ED242EE20132B7A0028F982 /* DistilleryTestAppTests */,
				6ED242F920132B7A0028F982 /* DistilleryTestAppUITests */,
				6ED242D820132B7A0028F982 /* Products */,
				4010FCFCD83AA46023491D54 /* Pods */,
				FFFFF555CD13669E955557F5 /* Frameworks */,
			);
			sourceTree = "<group>";
		};
		6ED242D820132B7A0028F982 /* Products */ = {
			isa = PBXGroup;
			children = (
				6ED242D720132B7A0028F982 /* DistilleryTestApp.app */,
				6ED242EB20132B7A0028F982 /* DistilleryTestAppTests.xctest */,
				6ED242F620132B7A0028F982 /* DistilleryTestAppUITests.xctest */,
			);
			name = Products;
			sourceTree = "<group>";
		};
		6ED242D920132B7A0028F982 /* DistilleryTestApp */ = {
			isa = PBXGroup;
			children = (
				6ED2431020132E2D0028F982 /* ApplicationLayer */,
				6ED2430F20132E230028F982 /* PresentationLayer */,
				6ED2430E20132E1A0028F982 /* BusinessLogicLayer */,
				6ED2430D20132E0F0028F982 /* CoreLayer */,
				6ED2430C20132E050028F982 /* Models */,
				6ED2430B20132DF90028F982 /* Constants */,
				6ED2430A20132DEC0028F982 /* Extensions */,
				6ED2430920132DC40028F982 /* Resources */,
			);
			path = DistilleryTestApp;
			sourceTree = "<group>";
		};
		6ED242EE20132B7A0028F982 /* DistilleryTestAppTests */ = {
			isa = PBXGroup;
			children = (
				6ED242EF20132B7A0028F982 /* DistilleryTestAppTests.swift */,
				6ED242F120132B7A0028F982 /* Info.plist */,
			);
			path = DistilleryTestAppTests;
			sourceTree = "<group>";
		};
		6ED242F920132B7A0028F982 /* DistilleryTestAppUITests */ = {
			isa = PBXGroup;
			children = (
				6ED242FA20132B7A0028F982 /* DistilleryTestAppUITests.swift */,
				6ED242FC20132B7A0028F982 /* Info.plist */,
			);
			path = DistilleryTestAppUITests;
			sourceTree = "<group>";
		};
		6ED2430920132DC40028F982 /* Resources */ = {
			isa = PBXGroup;
			children = (
				6ED2431420132E6A0028F982 /* Plists */,
				6ED2431320132E5E0028F982 /* Images */,
			);
			path = Resources;
			sourceTree = "<group>";
		};
		6ED2430A20132DEC0028F982 /* Extensions */ = {
			isa = PBXGroup;
			children = (
				6EF9C3712015DDD1003C1A9E /* UIViewControllerExtensions.swift */,
			);
			path = Extensions;
			sourceTree = "<group>";
		};
		6ED2430B20132DF90028F982 /* Constants */ = {
			isa = PBXGroup;
			children = (
				6E7237CF20149F7F00068497 /* PresentationsLayer */,
				6E75406820134E8500F81751 /* CoreLayer */,
				6E754059201346D700F81751 /* BusinessLogicLayer */,
			);
			path = Constants;
			sourceTree = "<group>";
		};
		6ED2430C20132E050028F982 /* Models */ = {
			isa = PBXGroup;
			children = (
				6E588DC22013A01E006F27E2 /* Network */,
				6E7540762013712F00F81751 /* LocationService */,
				6E75406520134D7200F81751 /* Venue */,
				6E588DC020139B7D006F27E2 /* FoursquareIcon.swift */,
			);
			path = Models;
			sourceTree = "<group>";
		};
		6ED2430D20132E0F0028F982 /* CoreLayer */ = {
			isa = PBXGroup;
			children = (
				6E7237CA20149A2D00068497 /* ModuleConfiguration */,
				6E7540522013368900F81751 /* NetworkCore */,
			);
			path = CoreLayer;
			sourceTree = "<group>";
		};
		6ED2430E20132E1A0028F982 /* BusinessLogicLayer */ = {
			isa = PBXGroup;
			children = (
				6E75405D2013475600F81751 /* Services */,
			);
			path = BusinessLogicLayer;
			sourceTree = "<group>";
		};
		6ED2430F20132E230028F982 /* PresentationLayer */ = {
			isa = PBXGroup;
			children = (
				6EF9C3732015E0D1003C1A9E /* Common */,
				6EF9C36D2015C450003C1A9E /* Helpers */,
				6E7237A32014856C00068497 /* UserStories */,
				6E7237DE2014B54800068497 /* Main.storyboard */,
				6ED242E320132B7A0028F982 /* LaunchScreen.storyboard */,
			);
			path = PresentationLayer;
			sourceTree = "<group>";
		};
		6ED2431020132E2D0028F982 /* ApplicationLayer */ = {
			isa = PBXGroup;
			children = (
				6E7237C52014992600068497 /* LaunchSystem */,
				6ED2431120132E370028F982 /* AppDelegates */,
				6ED2431220132E450028F982 /* ApplicationConfigurator */,
			);
			path = ApplicationLayer;
			sourceTree = "<group>";
		};
		6ED2431120132E370028F982 /* AppDelegates */ = {
			isa = PBXGroup;
			children = (
				6ED242DA20132B7A0028F982 /* AppDelegate.swift */,
			);
			path = AppDelegates;
			sourceTree = "<group>";
		};
		6ED2431220132E450028F982 /* ApplicationConfigurator */ = {
			isa = PBXGroup;
			children = (
				6E46E919201375970011DD51 /* ApplicationConfigurator.swift */,
			);
			path = ApplicationConfigurator;
			sourceTree = "<group>";
		};
		6ED2431320132E5E0028F982 /* Images */ = {
			isa = PBXGroup;
			children = (
				6ED242E120132B7A0028F982 /* Assets.xcassets */,
			);
			path = Images;
			sourceTree = "<group>";
		};
		6ED2431420132E6A0028F982 /* Plists */ = {
			isa = PBXGroup;
			children = (
				6ED242E620132B7A0028F982 /* Info.plist */,
			);
			path = Plists;
			sourceTree = "<group>";
		};
		6EF9C36D2015C450003C1A9E /* Helpers */ = {
			isa = PBXGroup;
			children = (
				6EF9C36E2015C462003C1A9E /* AlertBuilder */,
			);
			path = Helpers;
			sourceTree = "<group>";
		};
		6EF9C36E2015C462003C1A9E /* AlertBuilder */ = {
			isa = PBXGroup;
			children = (
				6EF9C36F2015C47D003C1A9E /* AlertBuilder.swift */,
			);
			path = AlertBuilder;
			sourceTree = "<group>";
		};
		6EF9C3732015E0D1003C1A9E /* Common */ = {
			isa = PBXGroup;
			children = (
				6EF9C3742015E0D9003C1A9E /* View */,
			);
			path = Common;
			sourceTree = "<group>";
		};
		6EF9C3742015E0D9003C1A9E /* View */ = {
			isa = PBXGroup;
			children = (
				6EF9C3752015E0DF003C1A9E /* BaseViewController */,
			);
			path = View;
			sourceTree = "<group>";
		};
		6EF9C3752015E0DF003C1A9E /* BaseViewController */ = {
			isa = PBXGroup;
			children = (
				6EF9C3762015E0F6003C1A9E /* BaseViewController.swift */,
			);
			path = BaseViewController;
			sourceTree = "<group>";
		};
		FFFFF555CD13669E955557F5 /* Frameworks */ = {
			isa = PBXGroup;
			children = (
				23E331B8E3F576CB287505C9 /* Pods_DistilleryTestApp.framework */,
				F4267F9240B1D739C3EAFA3F /* Pods_DistilleryTestAppTests.framework */,
				7DE3DB99C93EA8B3A9FEC592 /* Pods_DistilleryTestAppUITests.framework */,
			);
			name = Frameworks;
			sourceTree = "<group>";
		};
/* End PBXGroup section */

/* Begin PBXNativeTarget section */
		6ED242D620132B7A0028F982 /* DistilleryTestApp */ = {
			isa = PBXNativeTarget;
			buildConfigurationList = 6ED242FF20132B7A0028F982 /* Build configuration list for PBXNativeTarget "DistilleryTestApp" */;
			buildPhases = (
				B7E5CD559CBDDE0640ADB197 /* [CP] Check Pods Manifest.lock */,
				6ED242D320132B7A0028F982 /* Sources */,
				6ED242D420132B7A0028F982 /* Frameworks */,
				6ED242D520132B7A0028F982 /* Resources */,
				AE9BF67EC44C22143EFB4C39 /* [CP] Embed Pods Frameworks */,
				0CFB69F6E944D248F133E152 /* [CP] Copy Pods Resources */,
			);
			buildRules = (
			);
			dependencies = (
			);
			name = DistilleryTestApp;
			productName = DistilleryTestApp;
			productReference = 6ED242D720132B7A0028F982 /* DistilleryTestApp.app */;
			productType = "com.apple.product-type.application";
		};
		6ED242EA20132B7A0028F982 /* DistilleryTestAppTests */ = {
			isa = PBXNativeTarget;
			buildConfigurationList = 6ED2430220132B7A0028F982 /* Build configuration list for PBXNativeTarget "DistilleryTestAppTests" */;
			buildPhases = (
				06D49F5471736757AF24483C /* [CP] Check Pods Manifest.lock */,
				6ED242E720132B7A0028F982 /* Sources */,
				6ED242E820132B7A0028F982 /* Frameworks */,
				6ED242E920132B7A0028F982 /* Resources */,
				68EEEB92D8F6E520BAA8D819 /* [CP] Embed Pods Frameworks */,
				A6AF92C1C33DC065F7287972 /* [CP] Copy Pods Resources */,
			);
			buildRules = (
			);
			dependencies = (
				6ED242ED20132B7A0028F982 /* PBXTargetDependency */,
			);
			name = DistilleryTestAppTests;
			productName = DistilleryTestAppTests;
			productReference = 6ED242EB20132B7A0028F982 /* DistilleryTestAppTests.xctest */;
			productType = "com.apple.product-type.bundle.unit-test";
		};
		6ED242F520132B7A0028F982 /* DistilleryTestAppUITests */ = {
			isa = PBXNativeTarget;
			buildConfigurationList = 6ED2430520132B7A0028F982 /* Build configuration list for PBXNativeTarget "DistilleryTestAppUITests" */;
			buildPhases = (
				27DB06E6FA2379447D393D8B /* [CP] Check Pods Manifest.lock */,
				6ED242F220132B7A0028F982 /* Sources */,
				6ED242F320132B7A0028F982 /* Frameworks */,
				6ED242F420132B7A0028F982 /* Resources */,
				2F50B006DCBD30702E99F5AD /* [CP] Embed Pods Frameworks */,
				8D534876B52D03590F7A19DF /* [CP] Copy Pods Resources */,
			);
			buildRules = (
			);
			dependencies = (
				6ED242F820132B7A0028F982 /* PBXTargetDependency */,
			);
			name = DistilleryTestAppUITests;
			productName = DistilleryTestAppUITests;
			productReference = 6ED242F620132B7A0028F982 /* DistilleryTestAppUITests.xctest */;
			productType = "com.apple.product-type.bundle.ui-testing";
		};
/* End PBXNativeTarget section */

/* Begin PBXProject section */
		6ED242CF20132B7A0028F982 /* Project object */ = {
			isa = PBXProject;
			attributes = {
				LastSwiftUpdateCheck = 0920;
				LastUpgradeCheck = 0920;
				ORGANIZATIONNAME = "Vladimir Gordienko";
				TargetAttributes = {
					6ED242D620132B7A0028F982 = {
						CreatedOnToolsVersion = 9.2;
						ProvisioningStyle = Automatic;
					};
					6ED242EA20132B7A0028F982 = {
						CreatedOnToolsVersion = 9.2;
						ProvisioningStyle = Automatic;
						TestTargetID = 6ED242D620132B7A0028F982;
					};
					6ED242F520132B7A0028F982 = {
						CreatedOnToolsVersion = 9.2;
						ProvisioningStyle = Automatic;
						TestTargetID = 6ED242D620132B7A0028F982;
					};
				};
			};
			buildConfigurationList = 6ED242D220132B7A0028F982 /* Build configuration list for PBXProject "DistilleryTestApp" */;
			compatibilityVersion = "Xcode 8.0";
			developmentRegion = en;
			hasScannedForEncodings = 0;
			knownRegions = (
				en,
				Base,
			);
			mainGroup = 6ED242CE20132B7A0028F982;
			productRefGroup = 6ED242D820132B7A0028F982 /* Products */;
			projectDirPath = "";
			projectRoot = "";
			targets = (
				6ED242D620132B7A0028F982 /* DistilleryTestApp */,
				6ED242EA20132B7A0028F982 /* DistilleryTestAppTests */,
				6ED242F520132B7A0028F982 /* DistilleryTestAppUITests */,
			);
		};
/* End PBXProject section */

/* Begin PBXResourcesBuildPhase section */
		6ED242D520132B7A0028F982 /* Resources */ = {
			isa = PBXResourcesBuildPhase;
			buildActionMask = 2147483647;
			files = (
				6ED242E520132B7A0028F982 /* LaunchScreen.storyboard in Resources */,
				6ED242E220132B7A0028F982 /* Assets.xcassets in Resources */,
				6E7237A92014866300068497 /* Venues.storyboard in Resources */,
				6E7237DF2014B54800068497 /* Main.storyboard in Resources */,
			);
			runOnlyForDeploymentPostprocessing = 0;
		};
		6ED242E920132B7A0028F982 /* Resources */ = {
			isa = PBXResourcesBuildPhase;
			buildActionMask = 2147483647;
			files = (
			);
			runOnlyForDeploymentPostprocessing = 0;
		};
		6ED242F420132B7A0028F982 /* Resources */ = {
			isa = PBXResourcesBuildPhase;
			buildActionMask = 2147483647;
			files = (
			);
			runOnlyForDeploymentPostprocessing = 0;
		};
/* End PBXResourcesBuildPhase section */

/* Begin PBXShellScriptBuildPhase section */
		06D49F5471736757AF24483C /* [CP] Check Pods Manifest.lock */ = {
			isa = PBXShellScriptBuildPhase;
			buildActionMask = 2147483647;
			files = (
			);
			inputPaths = (
			);
			name = "[CP] Check Pods Manifest.lock";
			outputPaths = (
			);
			runOnlyForDeploymentPostprocessing = 0;
			shellPath = /bin/sh;
			shellScript = "diff \"${PODS_PODFILE_DIR_PATH}/Podfile.lock\" \"${PODS_ROOT}/Manifest.lock\" > /dev/null\nif [ $? != 0 ] ; then\n    # print error to STDERR\n    echo \"error: The sandbox is not in sync with the Podfile.lock. Run 'pod install' or update your CocoaPods installation.\" >&2\n    exit 1\nfi\n";
			showEnvVarsInLog = 0;
		};
		0CFB69F6E944D248F133E152 /* [CP] Copy Pods Resources */ = {
			isa = PBXShellScriptBuildPhase;
			buildActionMask = 2147483647;
			files = (
			);
			inputPaths = (
			);
			name = "[CP] Copy Pods Resources";
			outputPaths = (
			);
			runOnlyForDeploymentPostprocessing = 0;
			shellPath = /bin/sh;
			shellScript = "\"${SRCROOT}/Pods/Target Support Files/Pods-DistilleryTestApp/Pods-DistilleryTestApp-resources.sh\"\n";
			showEnvVarsInLog = 0;
		};
		27DB06E6FA2379447D393D8B /* [CP] Check Pods Manifest.lock */ = {
			isa = PBXShellScriptBuildPhase;
			buildActionMask = 2147483647;
			files = (
			);
			inputPaths = (
			);
			name = "[CP] Check Pods Manifest.lock";
			outputPaths = (
			);
			runOnlyForDeploymentPostprocessing = 0;
			shellPath = /bin/sh;
			shellScript = "diff \"${PODS_PODFILE_DIR_PATH}/Podfile.lock\" \"${PODS_ROOT}/Manifest.lock\" > /dev/null\nif [ $? != 0 ] ; then\n    # print error to STDERR\n    echo \"error: The sandbox is not in sync with the Podfile.lock. Run 'pod install' or update your CocoaPods installation.\" >&2\n    exit 1\nfi\n";
			showEnvVarsInLog = 0;
		};
		2F50B006DCBD30702E99F5AD /* [CP] Embed Pods Frameworks */ = {
			isa = PBXShellScriptBuildPhase;
			buildActionMask = 2147483647;
			files = (
			);
			inputPaths = (
			);
			name = "[CP] Embed Pods Frameworks";
			outputPaths = (
			);
			runOnlyForDeploymentPostprocessing = 0;
			shellPath = /bin/sh;
			shellScript = "\"${SRCROOT}/Pods/Target Support Files/Pods-DistilleryTestAppUITests/Pods-DistilleryTestAppUITests-frameworks.sh\"\n";
			showEnvVarsInLog = 0;
		};
		68EEEB92D8F6E520BAA8D819 /* [CP] Embed Pods Frameworks */ = {
			isa = PBXShellScriptBuildPhase;
			buildActionMask = 2147483647;
			files = (
			);
			inputPaths = (
			);
			name = "[CP] Embed Pods Frameworks";
			outputPaths = (
			);
			runOnlyForDeploymentPostprocessing = 0;
			shellPath = /bin/sh;
			shellScript = "\"${SRCROOT}/Pods/Target Support Files/Pods-DistilleryTestAppTests/Pods-DistilleryTestAppTests-frameworks.sh\"\n";
			showEnvVarsInLog = 0;
		};
		8D534876B52D03590F7A19DF /* [CP] Copy Pods Resources */ = {
			isa = PBXShellScriptBuildPhase;
			buildActionMask = 2147483647;
			files = (
			);
			inputPaths = (
			);
			name = "[CP] Copy Pods Resources";
			outputPaths = (
			);
			runOnlyForDeploymentPostprocessing = 0;
			shellPath = /bin/sh;
			shellScript = "\"${SRCROOT}/Pods/Target Support Files/Pods-DistilleryTestAppUITests/Pods-DistilleryTestAppUITests-resources.sh\"\n";
			showEnvVarsInLog = 0;
		};
		A6AF92C1C33DC065F7287972 /* [CP] Copy Pods Resources */ = {
			isa = PBXShellScriptBuildPhase;
			buildActionMask = 2147483647;
			files = (
			);
			inputPaths = (
			);
			name = "[CP] Copy Pods Resources";
			outputPaths = (
			);
			runOnlyForDeploymentPostprocessing = 0;
			shellPath = /bin/sh;
			shellScript = "\"${SRCROOT}/Pods/Target Support Files/Pods-DistilleryTestAppTests/Pods-DistilleryTestAppTests-resources.sh\"\n";
			showEnvVarsInLog = 0;
		};
		AE9BF67EC44C22143EFB4C39 /* [CP] Embed Pods Frameworks */ = {
			isa = PBXShellScriptBuildPhase;
			buildActionMask = 2147483647;
			files = (
			);
			inputPaths = (
			);
			name = "[CP] Embed Pods Frameworks";
			outputPaths = (
			);
			runOnlyForDeploymentPostprocessing = 0;
			shellPath = /bin/sh;
			shellScript = "\"${SRCROOT}/Pods/Target Support Files/Pods-DistilleryTestApp/Pods-DistilleryTestApp-frameworks.sh\"\n";
			showEnvVarsInLog = 0;
		};
		B7E5CD559CBDDE0640ADB197 /* [CP] Check Pods Manifest.lock */ = {
			isa = PBXShellScriptBuildPhase;
			buildActionMask = 2147483647;
			files = (
			);
			inputPaths = (
			);
			name = "[CP] Check Pods Manifest.lock";
			outputPaths = (
			);
			runOnlyForDeploymentPostprocessing = 0;
			shellPath = /bin/sh;
			shellScript = "diff \"${PODS_PODFILE_DIR_PATH}/Podfile.lock\" \"${PODS_ROOT}/Manifest.lock\" > /dev/null\nif [ $? != 0 ] ; then\n    # print error to STDERR\n    echo \"error: The sandbox is not in sync with the Podfile.lock. Run 'pod install' or update your CocoaPods installation.\" >&2\n    exit 1\nfi\n";
			showEnvVarsInLog = 0;
		};
/* End PBXShellScriptBuildPhase section */

/* Begin PBXSourcesBuildPhase section */
		6ED242D320132B7A0028F982 /* Sources */ = {
			isa = PBXSourcesBuildPhase;
			buildActionMask = 2147483647;
			files = (
				6E7237CC20149A4500068497 /* ModuleConfigurator.swift in Sources */,
				6E46E91A201375970011DD51 /* ApplicationConfigurator.swift in Sources */,
				6E75405F201347CF00F81751 /* VenueService.swift in Sources */,
				6E7237B420148DAE00068497 /* SearchVenuesInteractorOutput.swift in Sources */,
				6E75406720134D8000F81751 /* Venue.swift in Sources */,
				6EF9C3772015E0F6003C1A9E /* BaseViewController.swift in Sources */,
				6E7237C92014997300068497 /* VenuesLaunchRouter.swift in Sources */,
				6E7237B02014877A00068497 /* SearchVenuesInteractor.swift in Sources */,
				6E75406A20134EC700F81751 /* NetworkClientConstants.swift in Sources */,
				6E7237DB2014B00C00068497 /* SearchVenueCellBuilder.swift in Sources */,
				6E588DBB20138A6D006F27E2 /* SearchVenueResponce.swift in Sources */,
				6E7237C22014976900068497 /* SearchVenuesViewInput.swift in Sources */,
				6E7237B8201490BD00068497 /* SearchVenuesViewController.swift in Sources */,
				6ED242DB20132B7A0028F982 /* AppDelegate.swift in Sources */,
				6E7540622013485600F81751 /* VenueServiceInput.swift in Sources */,
				6E75405C201346FB00F81751 /* VenueServiceUrlConstants.swift in Sources */,
				6E7237D82014A7E100068497 /* SearchVenueTableViewCell.swift in Sources */,
				6E7237B220148D2200068497 /* SearchVenuesInteractorInput.swift in Sources */,
				6E7540782013714900F81751 /* LocationCoordinate.swift in Sources */,
				6EF9C3722015DDD1003C1A9E /* UIViewControllerExtensions.swift in Sources */,
				6E588DC120139B7D006F27E2 /* FoursquareIcon.swift in Sources */,
				6E7540712013657C00F81751 /* LocationService.swift in Sources */,
				6E7237BB201491A500068497 /* SearchVenuesViewOutput.swift in Sources */,
				6E7237D120149FA100068497 /* StoryboardNames.swift in Sources */,
				6E75407320136B0600F81751 /* LocationServiceInput.swift in Sources */,
				6E75405620133F0100F81751 /* NetworkClientInput.swift in Sources */,
				6E7237D32014A25A00068497 /* VenuesLaunchRouterInput.swift in Sources */,
				6E7237B62014907600068497 /* SearchVenuesPresenter.swift in Sources */,
				6E75407520136D1500F81751 /* LocationServiceOutput.swift in Sources */,
				6EF9C3702015C47D003C1A9E /* AlertBuilder.swift in Sources */,
				6E588DBD201392F0006F27E2 /* VenueLocation.swift in Sources */,
				6E75406E20135A0200F81751 /* VenueServiceApiKeys.swift in Sources */,
				6E7540542013398E00F81751 /* NetworkClient.swift in Sources */,
				6E588DBF201395B3006F27E2 /* VenueCategory.swift in Sources */,
				6E7237C42014987E00068497 /* SearchVenuesPresenterOutput.swift in Sources */,
			);
			runOnlyForDeploymentPostprocessing = 0;
		};
		6ED242E720132B7A0028F982 /* Sources */ = {
			isa = PBXSourcesBuildPhase;
			buildActionMask = 2147483647;
			files = (
				6ED242F020132B7A0028F982 /* DistilleryTestAppTests.swift in Sources */,
			);
			runOnlyForDeploymentPostprocessing = 0;
		};
		6ED242F220132B7A0028F982 /* Sources */ = {
			isa = PBXSourcesBuildPhase;
			buildActionMask = 2147483647;
			files = (
				6ED242FB20132B7A0028F982 /* DistilleryTestAppUITests.swift in Sources */,
			);
			runOnlyForDeploymentPostprocessing = 0;
		};
/* End PBXSourcesBuildPhase section */

/* Begin PBXTargetDependency section */
		6ED242ED20132B7A0028F982 /* PBXTargetDependency */ = {
			isa = PBXTargetDependency;
			target = 6ED242D620132B7A0028F982 /* DistilleryTestApp */;
			targetProxy = 6ED242EC20132B7A0028F982 /* PBXContainerItemProxy */;
		};
		6ED242F820132B7A0028F982 /* PBXTargetDependency */ = {
			isa = PBXTargetDependency;
			target = 6ED242D620132B7A0028F982 /* DistilleryTestApp */;
			targetProxy = 6ED242F720132B7A0028F982 /* PBXContainerItemProxy */;
		};
/* End PBXTargetDependency section */

/* Begin PBXVariantGroup section */
		6ED242E320132B7A0028F982 /* LaunchScreen.storyboard */ = {
			isa = PBXVariantGroup;
			children = (
				6ED242E420132B7A0028F982 /* Base */,
			);
			name = LaunchScreen.storyboard;
			sourceTree = "<group>";
		};
/* End PBXVariantGroup section */

/* Begin XCBuildConfiguration section */
		6ED242FD20132B7A0028F982 /* Debug */ = {
			isa = XCBuildConfiguration;
			buildSettings = {
				ALWAYS_SEARCH_USER_PATHS = NO;
				CLANG_ANALYZER_NONNULL = YES;
				CLANG_ANALYZER_NUMBER_OBJECT_CONVERSION = YES_AGGRESSIVE;
				CLANG_CXX_LANGUAGE_STANDARD = "gnu++14";
				CLANG_CXX_LIBRARY = "libc++";
				CLANG_ENABLE_MODULES = YES;
				CLANG_ENABLE_OBJC_ARC = YES;
				CLANG_WARN_BLOCK_CAPTURE_AUTORELEASING = YES;
				CLANG_WARN_BOOL_CONVERSION = YES;
				CLANG_WARN_COMMA = YES;
				CLANG_WARN_CONSTANT_CONVERSION = YES;
				CLANG_WARN_DIRECT_OBJC_ISA_USAGE = YES_ERROR;
				CLANG_WARN_DOCUMENTATION_COMMENTS = YES;
				CLANG_WARN_EMPTY_BODY = YES;
				CLANG_WARN_ENUM_CONVERSION = YES;
				CLANG_WARN_INFINITE_RECURSION = YES;
				CLANG_WARN_INT_CONVERSION = YES;
				CLANG_WARN_NON_LITERAL_NULL_CONVERSION = YES;
				CLANG_WARN_OBJC_LITERAL_CONVERSION = YES;
				CLANG_WARN_OBJC_ROOT_CLASS = YES_ERROR;
				CLANG_WARN_RANGE_LOOP_ANALYSIS = YES;
				CLANG_WARN_STRICT_PROTOTYPES = YES;
				CLANG_WARN_SUSPICIOUS_MOVE = YES;
				CLANG_WARN_UNGUARDED_AVAILABILITY = YES_AGGRESSIVE;
				CLANG_WARN_UNREACHABLE_CODE = YES;
				CLANG_WARN__DUPLICATE_METHOD_MATCH = YES;
				CODE_SIGN_IDENTITY = "iPhone Developer";
				COPY_PHASE_STRIP = NO;
				DEBUG_INFORMATION_FORMAT = dwarf;
				ENABLE_STRICT_OBJC_MSGSEND = YES;
				ENABLE_TESTABILITY = YES;
				GCC_C_LANGUAGE_STANDARD = gnu11;
				GCC_DYNAMIC_NO_PIC = NO;
				GCC_NO_COMMON_BLOCKS = YES;
				GCC_OPTIMIZATION_LEVEL = 0;
				GCC_PREPROCESSOR_DEFINITIONS = (
					"DEBUG=1",
					"$(inherited)",
				);
				GCC_WARN_64_TO_32_BIT_CONVERSION = YES;
				GCC_WARN_ABOUT_RETURN_TYPE = YES_ERROR;
				GCC_WARN_UNDECLARED_SELECTOR = YES;
				GCC_WARN_UNINITIALIZED_AUTOS = YES_AGGRESSIVE;
				GCC_WARN_UNUSED_FUNCTION = YES;
				GCC_WARN_UNUSED_VARIABLE = YES;
				IPHONEOS_DEPLOYMENT_TARGET = 11.2;
				MTL_ENABLE_DEBUG_INFO = YES;
				ONLY_ACTIVE_ARCH = YES;
				SDKROOT = iphoneos;
				SWIFT_ACTIVE_COMPILATION_CONDITIONS = DEBUG;
				SWIFT_OPTIMIZATION_LEVEL = "-Onone";
			};
			name = Debug;
		};
		6ED242FE20132B7A0028F982 /* Release */ = {
			isa = XCBuildConfiguration;
			buildSettings = {
				ALWAYS_SEARCH_USER_PATHS = NO;
				CLANG_ANALYZER_NONNULL = YES;
				CLANG_ANALYZER_NUMBER_OBJECT_CONVERSION = YES_AGGRESSIVE;
				CLANG_CXX_LANGUAGE_STANDARD = "gnu++14";
				CLANG_CXX_LIBRARY = "libc++";
				CLANG_ENABLE_MODULES = YES;
				CLANG_ENABLE_OBJC_ARC = YES;
				CLANG_WARN_BLOCK_CAPTURE_AUTORELEASING = YES;
				CLANG_WARN_BOOL_CONVERSION = YES;
				CLANG_WARN_COMMA = YES;
				CLANG_WARN_CONSTANT_CONVERSION = YES;
				CLANG_WARN_DIRECT_OBJC_ISA_USAGE = YES_ERROR;
				CLANG_WARN_DOCUMENTATION_COMMENTS = YES;
				CLANG_WARN_EMPTY_BODY = YES;
				CLANG_WARN_ENUM_CONVERSION = YES;
				CLANG_WARN_INFINITE_RECURSION = YES;
				CLANG_WARN_INT_CONVERSION = YES;
				CLANG_WARN_NON_LITERAL_NULL_CONVERSION = YES;
				CLANG_WARN_OBJC_LITERAL_CONVERSION = YES;
				CLANG_WARN_OBJC_ROOT_CLASS = YES_ERROR;
				CLANG_WARN_RANGE_LOOP_ANALYSIS = YES;
				CLANG_WARN_STRICT_PROTOTYPES = YES;
				CLANG_WARN_SUSPICIOUS_MOVE = YES;
				CLANG_WARN_UNGUARDED_AVAILABILITY = YES_AGGRESSIVE;
				CLANG_WARN_UNREACHABLE_CODE = YES;
				CLANG_WARN__DUPLICATE_METHOD_MATCH = YES;
				CODE_SIGN_IDENTITY = "iPhone Developer";
				COPY_PHASE_STRIP = NO;
				DEBUG_INFORMATION_FORMAT = "dwarf-with-dsym";
				ENABLE_NS_ASSERTIONS = NO;
				ENABLE_STRICT_OBJC_MSGSEND = YES;
				GCC_C_LANGUAGE_STANDARD = gnu11;
				GCC_NO_COMMON_BLOCKS = YES;
				GCC_WARN_64_TO_32_BIT_CONVERSION = YES;
				GCC_WARN_ABOUT_RETURN_TYPE = YES_ERROR;
				GCC_WARN_UNDECLARED_SELECTOR = YES;
				GCC_WARN_UNINITIALIZED_AUTOS = YES_AGGRESSIVE;
				GCC_WARN_UNUSED_FUNCTION = YES;
				GCC_WARN_UNUSED_VARIABLE = YES;
				IPHONEOS_DEPLOYMENT_TARGET = 11.2;
				MTL_ENABLE_DEBUG_INFO = NO;
				SDKROOT = iphoneos;
				SWIFT_OPTIMIZATION_LEVEL = "-Owholemodule";
				VALIDATE_PRODUCT = YES;
			};
			name = Release;
		};
		6ED2430020132B7A0028F982 /* Debug */ = {
			isa = XCBuildConfiguration;
			baseConfigurationReference = E631D89230030737F9C613AE /* Pods-DistilleryTestApp.debug.xcconfig */;
			buildSettings = {
				ASSETCATALOG_COMPILER_APPICON_NAME = AppIcon;
				CODE_SIGN_STYLE = Automatic;
				DEVELOPMENT_TEAM = 62EURDPN8F;
				INFOPLIST_FILE = "$(SRCROOT)/DistilleryTestApp/Resources/Plists/Info.plist";
				IPHONEOS_DEPLOYMENT_TARGET = 10.0;
				LD_RUNPATH_SEARCH_PATHS = "$(inherited) @executable_path/Frameworks";
				PRODUCT_BUNDLE_IDENTIFIER = "vladimir-gordienko.DistilleryTestApp";
				PRODUCT_NAME = "$(TARGET_NAME)";
				SWIFT_VERSION = 4.0;
				TARGETED_DEVICE_FAMILY = "1,2";
			};
			name = Debug;
		};
		6ED2430120132B7A0028F982 /* Release */ = {
			isa = XCBuildConfiguration;
			baseConfigurationReference = FFCF98B52553E000D4FF5DDA /* Pods-DistilleryTestApp.release.xcconfig */;
			buildSettings = {
				ASSETCATALOG_COMPILER_APPICON_NAME = AppIcon;
				CODE_SIGN_STYLE = Automatic;
				DEVELOPMENT_TEAM = 62EURDPN8F;
				INFOPLIST_FILE = "$(SRCROOT)/DistilleryTestApp/Resources/Plists/Info.plist";
				IPHONEOS_DEPLOYMENT_TARGET = 10.0;
				LD_RUNPATH_SEARCH_PATHS = "$(inherited) @executable_path/Frameworks";
				PRODUCT_BUNDLE_IDENTIFIER = "vladimir-gordienko.DistilleryTestApp";
				PRODUCT_NAME = "$(TARGET_NAME)";
				SWIFT_VERSION = 4.0;
				TARGETED_DEVICE_FAMILY = "1,2";
			};
			name = Release;
		};
		6ED2430320132B7A0028F982 /* Debug */ = {
			isa = XCBuildConfiguration;
			baseConfigurationReference = 62A0E39BFC80D1B7F10FAAE0 /* Pods-DistilleryTestAppTests.debug.xcconfig */;
			buildSettings = {
				ALWAYS_EMBED_SWIFT_STANDARD_LIBRARIES = YES;
				BUNDLE_LOADER = "$(TEST_HOST)";
				CODE_SIGN_STYLE = Automatic;
				DEVELOPMENT_TEAM = 62EURDPN8F;
				INFOPLIST_FILE = DistilleryTestAppTests/Info.plist;
				LD_RUNPATH_SEARCH_PATHS = "$(inherited) @executable_path/Frameworks @loader_path/Frameworks";
				PRODUCT_BUNDLE_IDENTIFIER = "vladimir-gordienko.DistilleryTestAppTests";
				PRODUCT_NAME = "$(TARGET_NAME)";
				SWIFT_VERSION = 4.0;
				TARGETED_DEVICE_FAMILY = "1,2";
				TEST_HOST = "$(BUILT_PRODUCTS_DIR)/DistilleryTestApp.app/DistilleryTestApp";
			};
			name = Debug;
		};
		6ED2430420132B7A0028F982 /* Release */ = {
			isa = XCBuildConfiguration;
			baseConfigurationReference = AB9E69FFED1EFDF5DA655E8E /* Pods-DistilleryTestAppTests.release.xcconfig */;
			buildSettings = {
				ALWAYS_EMBED_SWIFT_STANDARD_LIBRARIES = YES;
				BUNDLE_LOADER = "$(TEST_HOST)";
				CODE_SIGN_STYLE = Automatic;
				DEVELOPMENT_TEAM = 62EURDPN8F;
				INFOPLIST_FILE = DistilleryTestAppTests/Info.plist;
				LD_RUNPATH_SEARCH_PATHS = "$(inherited) @executable_path/Frameworks @loader_path/Frameworks";
				PRODUCT_BUNDLE_IDENTIFIER = "vladimir-gordienko.DistilleryTestAppTests";
				PRODUCT_NAME = "$(TARGET_NAME)";
				SWIFT_VERSION = 4.0;
				TARGETED_DEVICE_FAMILY = "1,2";
				TEST_HOST = "$(BUILT_PRODUCTS_DIR)/DistilleryTestApp.app/DistilleryTestApp";
			};
			name = Release;
		};
		6ED2430620132B7A0028F982 /* Debug */ = {
			isa = XCBuildConfiguration;
			baseConfigurationReference = EA6CFAEA42A174466CF2D043 /* Pods-DistilleryTestAppUITests.debug.xcconfig */;
			buildSettings = {
				ALWAYS_EMBED_SWIFT_STANDARD_LIBRARIES = YES;
				CODE_SIGN_STYLE = Automatic;
				DEVELOPMENT_TEAM = 62EURDPN8F;
				INFOPLIST_FILE = DistilleryTestAppUITests/Info.plist;
				LD_RUNPATH_SEARCH_PATHS = "$(inherited) @executable_path/Frameworks @loader_path/Frameworks";
				PRODUCT_BUNDLE_IDENTIFIER = "vladimir-gordienko.DistilleryTestAppUITests";
				PRODUCT_NAME = "$(TARGET_NAME)";
				SWIFT_VERSION = 4.0;
				TARGETED_DEVICE_FAMILY = "1,2";
				TEST_TARGET_NAME = DistilleryTestApp;
			};
			name = Debug;
		};
		6ED2430720132B7A0028F982 /* Release */ = {
			isa = XCBuildConfiguration;
			baseConfigurationReference = 97C9DC7B6FA2F0261B48F31F /* Pods-DistilleryTestAppUITests.release.xcconfig */;
			buildSettings = {
				ALWAYS_EMBED_SWIFT_STANDARD_LIBRARIES = YES;
				CODE_SIGN_STYLE = Automatic;
				DEVELOPMENT_TEAM = 62EURDPN8F;
				INFOPLIST_FILE = DistilleryTestAppUITests/Info.plist;
				LD_RUNPATH_SEARCH_PATHS = "$(inherited) @executable_path/Frameworks @loader_path/Frameworks";
				PRODUCT_BUNDLE_IDENTIFIER = "vladimir-gordienko.DistilleryTestAppUITests";
				PRODUCT_NAME = "$(TARGET_NAME)";
				SWIFT_VERSION = 4.0;
				TARGETED_DEVICE_FAMILY = "1,2";
				TEST_TARGET_NAME = DistilleryTestApp;
			};
			name = Release;
		};
/* End XCBuildConfiguration section */

/* Begin XCConfigurationList section */
		6ED242D220132B7A0028F982 /* Build configuration list for PBXProject "DistilleryTestApp" */ = {
			isa = XCConfigurationList;
			buildConfigurations = (
				6ED242FD20132B7A0028F982 /* Debug */,
				6ED242FE20132B7A0028F982 /* Release */,
			);
			defaultConfigurationIsVisible = 0;
			defaultConfigurationName = Release;
		};
		6ED242FF20132B7A0028F982 /* Build configuration list for PBXNativeTarget "DistilleryTestApp" */ = {
			isa = XCConfigurationList;
			buildConfigurations = (
				6ED2430020132B7A0028F982 /* Debug */,
				6ED2430120132B7A0028F982 /* Release */,
			);
			defaultConfigurationIsVisible = 0;
			defaultConfigurationName = Release;
		};
		6ED2430220132B7A0028F982 /* Build configuration list for PBXNativeTarget "DistilleryTestAppTests" */ = {
			isa = XCConfigurationList;
			buildConfigurations = (
				6ED2430320132B7A0028F982 /* Debug */,
				6ED2430420132B7A0028F982 /* Release */,
			);
			defaultConfigurationIsVisible = 0;
			defaultConfigurationName = Release;
		};
		6ED2430520132B7A0028F982 /* Build configuration list for PBXNativeTarget "DistilleryTestAppUITests" */ = {
			isa = XCConfigurationList;
			buildConfigurations = (
				6ED2430620132B7A0028F982 /* Debug */,
				6ED2430720132B7A0028F982 /* Release */,
			);
			defaultConfigurationIsVisible = 0;
			defaultConfigurationName = Release;
		};
/* End XCConfigurationList section */
	};
	rootObject = 6ED242CF20132B7A0028F982 /* Project object */;
}
